
Microsoft Visual Studio Solution File, Format Version 12.00
# Visual Studio Version 17
VisualStudioVersion = 17.14.36203.30 d17.14
MinimumVisualStudioVersion = 10.0.40219.1
Project("{FAE04EC0-301F-11D3-BF4B-00C04F79EFBC}") = "atv7", "atv7\atv7.csproj", "{FEFEC99F-8CC3-46A7-AFA5-4AC32757981D}"
EndProject
Global
	GlobalSection(SolutionConfigurationPlatforms) = preSolution
		Debug|Any CPU = Debug|Any CPU
		Release|Any CPU = Release|Any CPU
	EndGlobalSection
	GlobalSection(ProjectConfigurationPlatforms) = postSolution
		{FEFEC99F-8CC3-46A7-AFA5-4AC32757981D}.Debug|Any CPU.ActiveCfg = Debug|Any CPU
		{FEFEC99F-8CC3-46A7-AFA5-4AC32757981D}.Debug|Any CPU.Build.0 = Debug|Any CPU
		{FEFEC99F-8CC3-46A7-AFA5-4AC32757981D}.Release|Any CPU.ActiveCfg = Release|Any CPU
		{FEFEC99F-8CC3-46A7-AFA5-4AC32757981D}.Release|Any CPU.Build.0 = Release|Any CPU
	EndGlobalSection
	GlobalSection(SolutionProperties) = preSolution
		HideSolutionNode = FALSE
	EndGlobalSection
	GlobalSection(ExtensibilityGlobals) = postSolution
		SolutionGuid = {115D9733-7CA5-43B7-989E-7EA1116F9E2A}
	EndGlobalSection
EndGlobal
