
Microsoft Visual Studio Solution File, Format Version 12.00
# Visual Studio Version 17
VisualStudioVersion = 17.14.36203.30 d17.14
MinimumVisualStudioVersion = 10.0.40219.1
Project("{FAE04EC0-301F-11D3-BF4B-00C04F79EFBC}") = "atv3", "atv3\atv3.csproj", "{629EFA1E-891F-444A-AA79-D812662C453C}"
EndProject
Global
	GlobalSection(SolutionConfigurationPlatforms) = preSolution
		Debug|Any CPU = Debug|Any CPU
		Release|Any CPU = Release|Any CPU
	EndGlobalSection
	GlobalSection(ProjectConfigurationPlatforms) = postSolution
		{629EFA1E-891F-444A-AA79-D812662C453C}.Debug|Any CPU.ActiveCfg = Debug|Any CPU
		{629EFA1E-891F-444A-AA79-D812662C453C}.Debug|Any CPU.Build.0 = Debug|Any CPU
		{629EFA1E-891F-444A-AA79-D812662C453C}.Release|Any CPU.ActiveCfg = Release|Any CPU
		{629EFA1E-891F-444A-AA79-D812662C453C}.Release|Any CPU.Build.0 = Release|Any CPU
	EndGlobalSection
	GlobalSection(SolutionProperties) = preSolution
		HideSolutionNode = FALSE
	EndGlobalSection
	GlobalSection(ExtensibilityGlobals) = postSolution
		SolutionGuid = {84463DC5-A896-4AD6-B9D0-CBB482422CAA}
	EndGlobalSection
EndGlobal
