
Microsoft Visual Studio Solution File, Format Version 12.00
# Visual Studio Version 17
VisualStudioVersion = 17.14.36202.13 d17.14
MinimumVisualStudioVersion = 10.0.40219.1
Project("{FAE04EC0-301F-11D3-BF4B-00C04F79EFBC}") = "extra5", "extra5\extra5.csproj", "{36DF022D-82EC-4641-8A7B-DA10D069E635}"
EndProject
Global
	GlobalSection(SolutionConfigurationPlatforms) = preSolution
		Debug|Any CPU = Debug|Any CPU
		Release|Any CPU = Release|Any CPU
	EndGlobalSection
	GlobalSection(ProjectConfigurationPlatforms) = postSolution
		{36DF022D-82EC-4641-8A7B-DA10D069E635}.Debug|Any CPU.ActiveCfg = Debug|Any CPU
		{36DF022D-82EC-4641-8A7B-DA10D069E635}.Debug|Any CPU.Build.0 = Debug|Any CPU
		{36DF022D-82EC-4641-8A7B-DA10D069E635}.Release|Any CPU.ActiveCfg = Release|Any CPU
		{36DF022D-82EC-4641-8A7B-DA10D069E635}.Release|Any CPU.Build.0 = Release|Any CPU
	EndGlobalSection
	GlobalSection(SolutionProperties) = preSolution
		HideSolutionNode = FALSE
	EndGlobalSection
	GlobalSection(ExtensibilityGlobals) = postSolution
		SolutionGuid = {83145941-2046-4303-8C1F-D64733373B5A}
	EndGlobalSection
EndGlobal
