
Microsoft Visual Studio Solution File, Format Version 12.00
# Visual Studio Version 17
VisualStudioVersion = 17.14.36202.13 d17.14
MinimumVisualStudioVersion = 10.0.40219.1
Project("{FAE04EC0-301F-11D3-BF4B-00C04F79EFBC}") = "atv14", "atv14\atv14.csproj", "{49B8FFCF-07BF-49D1-A575-2458CBB559FE}"
EndProject
Global
	GlobalSection(SolutionConfigurationPlatforms) = preSolution
		Debug|Any CPU = Debug|Any CPU
		Release|Any CPU = Release|Any CPU
	EndGlobalSection
	GlobalSection(ProjectConfigurationPlatforms) = postSolution
		{49B8FFCF-07BF-49D1-A575-2458CBB559FE}.Debug|Any CPU.ActiveCfg = Debug|Any CPU
		{49B8FFCF-07BF-49D1-A575-2458CBB559FE}.Debug|Any CPU.Build.0 = Debug|Any CPU
		{49B8FFCF-07BF-49D1-A575-2458CBB559FE}.Release|Any CPU.ActiveCfg = Release|Any CPU
		{49B8FFCF-07BF-49D1-A575-2458CBB559FE}.Release|Any CPU.Build.0 = Release|Any CPU
	EndGlobalSection
	GlobalSection(SolutionProperties) = preSolution
		HideSolutionNode = FALSE
	EndGlobalSection
	GlobalSection(ExtensibilityGlobals) = postSolution
		SolutionGuid = {6EC212D5-1D9F-40F6-BBF0-3DCD5EF4A002}
	EndGlobalSection
EndGlobal
