
Microsoft Visual Studio Solution File, Format Version 12.00
# Visual Studio Version 17
VisualStudioVersion = 17.14.36203.30 d17.14
MinimumVisualStudioVersion = 10.0.40219.1
Project("{FAE04EC0-301F-11D3-BF4B-00C04F79EFBC}") = "atv12", "atv12\atv12.csproj", "{785D88C4-9AE2-4DA6-96D0-03525AB1AE53}"
EndProject
Global
	GlobalSection(SolutionConfigurationPlatforms) = preSolution
		Debug|Any CPU = Debug|Any CPU
		Release|Any CPU = Release|Any CPU
	EndGlobalSection
	GlobalSection(ProjectConfigurationPlatforms) = postSolution
		{785D88C4-9AE2-4DA6-96D0-03525AB1AE53}.Debug|Any CPU.ActiveCfg = Debug|Any CPU
		{785D88C4-9AE2-4DA6-96D0-03525AB1AE53}.Debug|Any CPU.Build.0 = Debug|Any CPU
		{785D88C4-9AE2-4DA6-96D0-03525AB1AE53}.Release|Any CPU.ActiveCfg = Release|Any CPU
		{785D88C4-9AE2-4DA6-96D0-03525AB1AE53}.Release|Any CPU.Build.0 = Release|Any CPU
	EndGlobalSection
	GlobalSection(SolutionProperties) = preSolution
		HideSolutionNode = FALSE
	EndGlobalSection
	GlobalSection(ExtensibilityGlobals) = postSolution
		SolutionGuid = {62800B09-D117-456A-947E-D1B560B07392}
	EndGlobalSection
EndGlobal
